
Microsoft Visual Studio Solution File, Format Version 12.00
# Visual Studio Version 17
VisualStudioVersion = 17.14.36429.23 d17.14
MinimumVisualStudioVersion = 10.0.40219.1
Project("{FAE04EC0-301F-11D3-BF4B-00C04F79EFBC}") = "PostListApp", "PostListApp\PostListApp.csproj", "{3802958A-5BD6-4CDD-A929-EC581813324D}"
EndProject
Global
	GlobalSection(SolutionConfigurationPlatforms) = preSolution
		Debug|Any CPU = Debug|Any CPU
		Release|Any CPU = Release|Any CPU
	EndGlobalSection
	GlobalSection(ProjectConfigurationPlatforms) = postSolution
		{3802958A-5BD6-4CDD-A929-EC581813324D}.Debug|Any CPU.ActiveCfg = Debug|Any CPU
		{3802958A-5BD6-4CDD-A929-EC581813324D}.Debug|Any CPU.Build.0 = Debug|Any CPU
		{3802958A-5BD6-4CDD-A929-EC581813324D}.Release|Any CPU.ActiveCfg = Release|Any CPU
		{3802958A-5BD6-4CDD-A929-EC581813324D}.Release|Any CPU.Build.0 = Release|Any CPU
	EndGlobalSection
	GlobalSection(SolutionProperties) = preSolution
		HideSolutionNode = FALSE
	EndGlobalSection
	GlobalSection(ExtensibilityGlobals) = postSolution
		SolutionGuid = {F248E944-3A55-45F7-BA29-06AB8BBE8D3E}
	EndGlobalSection
EndGlobal
